
Microsoft Visual Studio Solution File, Format Version 12.00
# Visual Studio Version 17
VisualStudioVersion = 17.7.34221.43
MinimumVisualStudioVersion = 10.0.40219.1
Project("{FAE04EC0-301F-11D3-BF4B-00C04F79EFBC}") = "IntrodactionToDoTNET", "IntrodactionToDoTNET\IntrodactionToDoTNET.csproj", "{F91A29D5-00BA-461B-BF4B-FEB36128BCD0}"
EndProject
Project("{FAE04EC0-301F-11D3-BF4B-00C04F79EFBC}") = "DataTypes", "DataTypes\DataTypes.csproj", "{9812620C-5269-4C0B-82BF-0788A7D71E71}"
EndProject
Project("{FAE04EC0-301F-11D3-BF4B-00C04F79EFBC}") = "Geometry", "Geometry\Geometry.csproj", "{5654EB87-91EF-48D4-89CB-FCC74BD2A199}"
EndProject
Project("{FAE04EC0-301F-11D3-BF4B-00C04F79EFBC}") = "Factorial", "Factorial\Factorial.csproj", "{45688B1F-0A2B-4659-9B4B-A73E83DBA62A}"
EndProject
Project("{FAE04EC0-301F-11D3-BF4B-00C04F79EFBC}") = "Game", "Game\Game.csproj", "{B5B544E9-0F3C-4C49-B145-D2F92C53FE07}"
EndProject
Project("{FAE04EC0-301F-11D3-BF4B-00C04F79EFBC}") = "Calculator", "Calculator\Calculator.csproj", "{E4C6CC6C-4803-4613-BF2F-A4745F58E12F}"
EndProject
Global
	GlobalSection(SolutionConfigurationPlatforms) = preSolution
		Debug|Any CPU = Debug|Any CPU
		Release|Any CPU = Release|Any CPU
	EndGlobalSection
	GlobalSection(ProjectConfigurationPlatforms) = postSolution
		{F91A29D5-00BA-461B-BF4B-FEB36128BCD0}.Debug|Any CPU.ActiveCfg = Debug|Any CPU
		{F91A29D5-00BA-461B-BF4B-FEB36128BCD0}.Debug|Any CPU.Build.0 = Debug|Any CPU
		{F91A29D5-00BA-461B-BF4B-FEB36128BCD0}.Release|Any CPU.ActiveCfg = Release|Any CPU
		{F91A29D5-00BA-461B-BF4B-FEB36128BCD0}.Release|Any CPU.Build.0 = Release|Any CPU
		{9812620C-5269-4C0B-82BF-0788A7D71E71}.Debug|Any CPU.ActiveCfg = Debug|Any CPU
		{9812620C-5269-4C0B-82BF-0788A7D71E71}.Debug|Any CPU.Build.0 = Debug|Any CPU
		{9812620C-5269-4C0B-82BF-0788A7D71E71}.Release|Any CPU.ActiveCfg = Release|Any CPU
		{9812620C-5269-4C0B-82BF-0788A7D71E71}.Release|Any CPU.Build.0 = Release|Any CPU
		{5654EB87-91EF-48D4-89CB-FCC74BD2A199}.Debug|Any CPU.ActiveCfg = Debug|Any CPU
		{5654EB87-91EF-48D4-89CB-FCC74BD2A199}.Debug|Any CPU.Build.0 = Debug|Any CPU
		{5654EB87-91EF-48D4-89CB-FCC74BD2A199}.Release|Any CPU.ActiveCfg = Release|Any CPU
		{5654EB87-91EF-48D4-89CB-FCC74BD2A199}.Release|Any CPU.Build.0 = Release|Any CPU
		{45688B1F-0A2B-4659-9B4B-A73E83DBA62A}.Debug|Any CPU.ActiveCfg = Debug|Any CPU
		{45688B1F-0A2B-4659-9B4B-A73E83DBA62A}.Debug|Any CPU.Build.0 = Debug|Any CPU
		{45688B1F-0A2B-4659-9B4B-A73E83DBA62A}.Release|Any CPU.ActiveCfg = Release|Any CPU
		{45688B1F-0A2B-4659-9B4B-A73E83DBA62A}.Release|Any CPU.Build.0 = Release|Any CPU
		{B5B544E9-0F3C-4C49-B145-D2F92C53FE07}.Debug|Any CPU.ActiveCfg = Debug|Any CPU
		{B5B544E9-0F3C-4C49-B145-D2F92C53FE07}.Debug|Any CPU.Build.0 = Debug|Any CPU
		{B5B544E9-0F3C-4C49-B145-D2F92C53FE07}.Release|Any CPU.ActiveCfg = Release|Any CPU
		{B5B544E9-0F3C-4C49-B145-D2F92C53FE07}.Release|Any CPU.Build.0 = Release|Any CPU
		{E4C6CC6C-4803-4613-BF2F-A4745F58E12F}.Debug|Any CPU.ActiveCfg = Debug|Any CPU
		{E4C6CC6C-4803-4613-BF2F-A4745F58E12F}.Debug|Any CPU.Build.0 = Debug|Any CPU
		{E4C6CC6C-4803-4613-BF2F-A4745F58E12F}.Release|Any CPU.ActiveCfg = Release|Any CPU
		{E4C6CC6C-4803-4613-BF2F-A4745F58E12F}.Release|Any CPU.Build.0 = Release|Any CPU
	EndGlobalSection
	GlobalSection(SolutionProperties) = preSolution
		HideSolutionNode = FALSE
	EndGlobalSection
	GlobalSection(ExtensibilityGlobals) = postSolution
		SolutionGuid = {7E093123-1C8A-453C-9372-E9D50CB1173D}
	EndGlobalSection
EndGlobal
