
Microsoft Visual Studio Solution File, Format Version 12.00
# Visual Studio Version 17
VisualStudioVersion = 17.7.34221.43
MinimumVisualStudioVersion = 10.0.40219.1
Project("{FAE04EC0-301F-11D3-BF4B-00C04F79EFBC}") = "IntrodactionToDoTNET", "IntrodactionToDoTNET\IntrodactionToDoTNET.csproj", "{F91A29D5-00BA-461B-BF4B-FEB36128BCD0}"
EndProject
Project("{FAE04EC0-301F-11D3-BF4B-00C04F79EFBC}") = "DataTypes", "DataTypes\DataTypes.csproj", "{9812620C-5269-4C0B-82BF-0788A7D71E71}"
EndProject
Project("{FAE04EC0-301F-11D3-BF4B-00C04F79EFBC}") = "Geometry", "Geometry\Geometry.csproj", "{5654EB87-91EF-48D4-89CB-FCC74BD2A199}"
EndProject
Project("{FAE04EC0-301F-11D3-BF4B-00C04F79EFBC}") = "Factorial", "Factorial\Factorial.csproj", "{45688B1F-0A2B-4659-9B4B-A73E83DBA62A}"
EndProject
Project("{FAE04EC0-301F-11D3-BF4B-00C04F79EFBC}") = "Game", "Game\Game.csproj", "{B5B544E9-0F3C-4C49-B145-D2F92C53FE07}"
EndProject
Project("{FAE04EC0-301F-11D3-BF4B-00C04F79EFBC}") = "Calculator", "Calculator\Calculator.csproj", "{E4C6CC6C-4803-4613-BF2F-A4745F58E12F}"
EndProject
Project("{FAE04EC0-301F-11D3-BF4B-00C04F79EFBC}") = "Arrays", "Arrays\Arrays.csproj", "{47F98A85-0BC3-4251-A55C-CBDA88C9BDA4}"
EndProject
Project("{FAE04EC0-301F-11D3-BF4B-00C04F79EFBC}") = "Incapsulation", "Incapsulation\Incapsulation.csproj", "{DBCE218B-F437-4825-A347-997F9CA9342D}"
EndProject
Project("{FAE04EC0-301F-11D3-BF4B-00C04F79EFBC}") = "Fraction", "Fraction\Fraction.csproj", "{77844905-C16C-4F2F-88EE-137845117138}"
EndProject
Project("{FAE04EC0-301F-11D3-BF4B-00C04F79EFBC}") = "Academy_1", "Academy_1\Academy_1.csproj", "{E75843CD-6D2F-41F0-95B2-CB9A7ABFA921}"
EndProject
Project("{FAE04EC0-301F-11D3-BF4B-00C04F79EFBC}") = "Fails", "Fails\Fails.csproj", "{6ADD4F6C-93D5-4191-94A8-26DA50F5CA75}"
EndProject
Project("{FAE04EC0-301F-11D3-BF4B-00C04F79EFBC}") = "Animal", "Animal\Animal.csproj", "{30F96AF3-DE75-4FA6-AD0F-0B38E12020A4}"
EndProject
Global
	GlobalSection(SolutionConfigurationPlatforms) = preSolution
		Debug|Any CPU = Debug|Any CPU
		Release|Any CPU = Release|Any CPU
	EndGlobalSection
	GlobalSection(ProjectConfigurationPlatforms) = postSolution
		{F91A29D5-00BA-461B-BF4B-FEB36128BCD0}.Debug|Any CPU.ActiveCfg = Debug|Any CPU
		{F91A29D5-00BA-461B-BF4B-FEB36128BCD0}.Debug|Any CPU.Build.0 = Debug|Any CPU
		{F91A29D5-00BA-461B-BF4B-FEB36128BCD0}.Release|Any CPU.ActiveCfg = Release|Any CPU
		{F91A29D5-00BA-461B-BF4B-FEB36128BCD0}.Release|Any CPU.Build.0 = Release|Any CPU
		{9812620C-5269-4C0B-82BF-0788A7D71E71}.Debug|Any CPU.ActiveCfg = Debug|Any CPU
		{9812620C-5269-4C0B-82BF-0788A7D71E71}.Debug|Any CPU.Build.0 = Debug|Any CPU
		{9812620C-5269-4C0B-82BF-0788A7D71E71}.Release|Any CPU.ActiveCfg = Release|Any CPU
		{9812620C-5269-4C0B-82BF-0788A7D71E71}.Release|Any CPU.Build.0 = Release|Any CPU
		{5654EB87-91EF-48D4-89CB-FCC74BD2A199}.Debug|Any CPU.ActiveCfg = Debug|Any CPU
		{5654EB87-91EF-48D4-89CB-FCC74BD2A199}.Debug|Any CPU.Build.0 = Debug|Any CPU
		{5654EB87-91EF-48D4-89CB-FCC74BD2A199}.Release|Any CPU.ActiveCfg = Release|Any CPU
		{5654EB87-91EF-48D4-89CB-FCC74BD2A199}.Release|Any CPU.Build.0 = Release|Any CPU
		{45688B1F-0A2B-4659-9B4B-A73E83DBA62A}.Debug|Any CPU.ActiveCfg = Debug|Any CPU
		{45688B1F-0A2B-4659-9B4B-A73E83DBA62A}.Debug|Any CPU.Build.0 = Debug|Any CPU
		{45688B1F-0A2B-4659-9B4B-A73E83DBA62A}.Release|Any CPU.ActiveCfg = Release|Any CPU
		{45688B1F-0A2B-4659-9B4B-A73E83DBA62A}.Release|Any CPU.Build.0 = Release|Any CPU
		{B5B544E9-0F3C-4C49-B145-D2F92C53FE07}.Debug|Any CPU.ActiveCfg = Debug|Any CPU
		{B5B544E9-0F3C-4C49-B145-D2F92C53FE07}.Debug|Any CPU.Build.0 = Debug|Any CPU
		{B5B544E9-0F3C-4C49-B145-D2F92C53FE07}.Release|Any CPU.ActiveCfg = Release|Any CPU
		{B5B544E9-0F3C-4C49-B145-D2F92C53FE07}.Release|Any CPU.Build.0 = Release|Any CPU
		{E4C6CC6C-4803-4613-BF2F-A4745F58E12F}.Debug|Any CPU.ActiveCfg = Debug|Any CPU
		{E4C6CC6C-4803-4613-BF2F-A4745F58E12F}.Debug|Any CPU.Build.0 = Debug|Any CPU
		{E4C6CC6C-4803-4613-BF2F-A4745F58E12F}.Release|Any CPU.ActiveCfg = Release|Any CPU
		{E4C6CC6C-4803-4613-BF2F-A4745F58E12F}.Release|Any CPU.Build.0 = Release|Any CPU
		{47F98A85-0BC3-4251-A55C-CBDA88C9BDA4}.Debug|Any CPU.ActiveCfg = Debug|Any CPU
		{47F98A85-0BC3-4251-A55C-CBDA88C9BDA4}.Debug|Any CPU.Build.0 = Debug|Any CPU
		{47F98A85-0BC3-4251-A55C-CBDA88C9BDA4}.Release|Any CPU.ActiveCfg = Release|Any CPU
		{47F98A85-0BC3-4251-A55C-CBDA88C9BDA4}.Release|Any CPU.Build.0 = Release|Any CPU
		{DBCE218B-F437-4825-A347-997F9CA9342D}.Debug|Any CPU.ActiveCfg = Debug|Any CPU
		{DBCE218B-F437-4825-A347-997F9CA9342D}.Debug|Any CPU.Build.0 = Debug|Any CPU
		{DBCE218B-F437-4825-A347-997F9CA9342D}.Release|Any CPU.ActiveCfg = Release|Any CPU
		{DBCE218B-F437-4825-A347-997F9CA9342D}.Release|Any CPU.Build.0 = Release|Any CPU
		{77844905-C16C-4F2F-88EE-137845117138}.Debug|Any CPU.ActiveCfg = Debug|Any CPU
		{77844905-C16C-4F2F-88EE-137845117138}.Debug|Any CPU.Build.0 = Debug|Any CPU
		{77844905-C16C-4F2F-88EE-137845117138}.Release|Any CPU.ActiveCfg = Release|Any CPU
		{77844905-C16C-4F2F-88EE-137845117138}.Release|Any CPU.Build.0 = Release|Any CPU
		{E75843CD-6D2F-41F0-95B2-CB9A7ABFA921}.Debug|Any CPU.ActiveCfg = Debug|Any CPU
		{E75843CD-6D2F-41F0-95B2-CB9A7ABFA921}.Debug|Any CPU.Build.0 = Debug|Any CPU
		{E75843CD-6D2F-41F0-95B2-CB9A7ABFA921}.Release|Any CPU.ActiveCfg = Release|Any CPU
		{E75843CD-6D2F-41F0-95B2-CB9A7ABFA921}.Release|Any CPU.Build.0 = Release|Any CPU
		{6ADD4F6C-93D5-4191-94A8-26DA50F5CA75}.Debug|Any CPU.ActiveCfg = Debug|Any CPU
		{6ADD4F6C-93D5-4191-94A8-26DA50F5CA75}.Debug|Any CPU.Build.0 = Debug|Any CPU
		{6ADD4F6C-93D5-4191-94A8-26DA50F5CA75}.Release|Any CPU.ActiveCfg = Release|Any CPU
		{6ADD4F6C-93D5-4191-94A8-26DA50F5CA75}.Release|Any CPU.Build.0 = Release|Any CPU
		{30F96AF3-DE75-4FA6-AD0F-0B38E12020A4}.Debug|Any CPU.ActiveCfg = Debug|Any CPU
		{30F96AF3-DE75-4FA6-AD0F-0B38E12020A4}.Debug|Any CPU.Build.0 = Debug|Any CPU
		{30F96AF3-DE75-4FA6-AD0F-0B38E12020A4}.Release|Any CPU.ActiveCfg = Release|Any CPU
		{30F96AF3-DE75-4FA6-AD0F-0B38E12020A4}.Release|Any CPU.Build.0 = Release|Any CPU
	EndGlobalSection
	GlobalSection(SolutionProperties) = preSolution
		HideSolutionNode = FALSE
	EndGlobalSection
	GlobalSection(ExtensibilityGlobals) = postSolution
		SolutionGuid = {7E093123-1C8A-453C-9372-E9D50CB1173D}
	EndGlobalSection
EndGlobal
